
Microsoft Visual Studio Solution File, Format Version 12.00
# Visual Studio Version 16
VisualStudioVersion = 16.0.29709.97
MinimumVisualStudioVersion = 10.0.40219.1
Project("{9A19103F-16F7-4668-BE54-9A1E7A4F7556}") = "WebApi", "WebApi\WebApi.csproj", "{F9F88A98-82C5-4EF0-9807-BC242DC27E93}"
EndProject
Project("{9A19103F-16F7-4668-BE54-9A1E7A4F7556}") = "Client.Console", "Client.Console\Client.Console.csproj", "{BD8279BC-8BEE-45A6-9BC8-340FDF0CC6C1}"
EndProject
Project("{9A19103F-16F7-4668-BE54-9A1E7A4F7556}") = "Microsoft.Identity.Web", "Microsoft.Identity.Web\src\Microsoft.Identity.Web\Microsoft.Identity.Web.csproj", "{77AEEE63-9659-4A01-9FEB-C4884C8A7E73}"
EndProject
Global
	GlobalSection(SolutionConfigurationPlatforms) = preSolution
		Debug|Any CPU = Debug|Any CPU
		Release|Any CPU = Release|Any CPU
	EndGlobalSection
	GlobalSection(ProjectConfigurationPlatforms) = postSolution
		{F9F88A98-82C5-4EF0-9807-BC242DC27E93}.Debug|Any CPU.ActiveCfg = Debug|Any CPU
		{F9F88A98-82C5-4EF0-9807-BC242DC27E93}.Debug|Any CPU.Build.0 = Debug|Any CPU
		{F9F88A98-82C5-4EF0-9807-BC242DC27E93}.Release|Any CPU.ActiveCfg = Release|Any CPU
		{F9F88A98-82C5-4EF0-9807-BC242DC27E93}.Release|Any CPU.Build.0 = Release|Any CPU
		{BD8279BC-8BEE-45A6-9BC8-340FDF0CC6C1}.Debug|Any CPU.ActiveCfg = Debug|Any CPU
		{BD8279BC-8BEE-45A6-9BC8-340FDF0CC6C1}.Debug|Any CPU.Build.0 = Debug|Any CPU
		{BD8279BC-8BEE-45A6-9BC8-340FDF0CC6C1}.Release|Any CPU.ActiveCfg = Release|Any CPU
		{BD8279BC-8BEE-45A6-9BC8-340FDF0CC6C1}.Release|Any CPU.Build.0 = Release|Any CPU
		{77AEEE63-9659-4A01-9FEB-C4884C8A7E73}.Debug|Any CPU.ActiveCfg = Debug|Any CPU
		{77AEEE63-9659-4A01-9FEB-C4884C8A7E73}.Debug|Any CPU.Build.0 = Debug|Any CPU
		{77AEEE63-9659-4A01-9FEB-C4884C8A7E73}.Release|Any CPU.ActiveCfg = Release|Any CPU
		{77AEEE63-9659-4A01-9FEB-C4884C8A7E73}.Release|Any CPU.Build.0 = Release|Any CPU
	EndGlobalSection
	GlobalSection(SolutionProperties) = preSolution
		HideSolutionNode = FALSE
	EndGlobalSection
	GlobalSection(ExtensibilityGlobals) = postSolution
		SolutionGuid = {BADC1779-27E0-4CCA-BDB2-949B43227D95}
	EndGlobalSection
EndGlobal
